
Microsoft Visual Studio Solution File, Format Version 12.00
# Visual Studio 2013
VisualStudioVersion = 12.0.21005.1
MinimumVisualStudioVersion = 10.0.40219.1
Project("{8BC9CEB8-8B4A-11D0-8D11-00A0C91BC942}") = "콘솔재미없어", "콘솔재미없어.vcxproj", "{78954358-8A1F-482B-B235-65DA87200351}"
EndProject
Global
	GlobalSection(SolutionConfigurationPlatforms) = preSolution
		Debug|Win32 = Debug|Win32
		Release|Win32 = Release|Win32
	EndGlobalSection
	GlobalSection(ProjectConfigurationPlatforms) = postSolution
		{78954358-8A1F-482B-B235-65DA87200351}.Debug|Win32.ActiveCfg = Debug|Win32
		{78954358-8A1F-482B-B235-65DA87200351}.Debug|Win32.Build.0 = Debug|Win32
		{78954358-8A1F-482B-B235-65DA87200351}.Release|Win32.ActiveCfg = Release|Win32
		{78954358-8A1F-482B-B235-65DA87200351}.Release|Win32.Build.0 = Release|Win32
	EndGlobalSection
	GlobalSection(SolutionProperties) = preSolution
		HideSolutionNode = FALSE
	EndGlobalSection
EndGlobal
